
Microsoft Visual Studio Solution File, Format Version 12.00
# Visual Studio 2012
Project("{FAE04EC0-301F-11D3-BF4B-00C04F79EFBC}") = "Aplicacion.02", "Aplicacion.02\Aplicacion.02.csproj", "{ADCEAC6A-F54A-46EF-9D94-51866B8D4049}"
EndProject
Global
	GlobalSection(SolutionConfigurationPlatforms) = preSolution
		Debug|Any CPU = Debug|Any CPU
		Release|Any CPU = Release|Any CPU
	EndGlobalSection
	GlobalSection(ProjectConfigurationPlatforms) = postSolution
		{ADCEAC6A-F54A-46EF-9D94-51866B8D4049}.Debug|Any CPU.ActiveCfg = Debug|Any CPU
		{ADCEAC6A-F54A-46EF-9D94-51866B8D4049}.Debug|Any CPU.Build.0 = Debug|Any CPU
		{ADCEAC6A-F54A-46EF-9D94-51866B8D4049}.Release|Any CPU.ActiveCfg = Release|Any CPU
		{ADCEAC6A-F54A-46EF-9D94-51866B8D4049}.Release|Any CPU.Build.0 = Release|Any CPU
	EndGlobalSection
	GlobalSection(SolutionProperties) = preSolution
		HideSolutionNode = FALSE
	EndGlobalSection
EndGlobal
